
Microsoft Visual Studio Solution File, Format Version 12.00
# Visual Studio Version 16
VisualStudioVersion = 16.0.30320.27
MinimumVisualStudioVersion = 10.0.40219.1
Project("{9A19103F-16F7-4668-BE54-9A1E7A4F7556}") = "NonlinearEquations", "NonlinearEquations\NonlinearEquations.csproj", "{C2DEB693-5F87-4CD1-9C3F-2DBF49456DA5}"
EndProject
Project("{9A19103F-16F7-4668-BE54-9A1E7A4F7556}") = "NumAn", "NumAn\NumAn.csproj", "{22C61B81-0DFB-4EF0-883A-251DA7213194}"
EndProject
Project("{9A19103F-16F7-4668-BE54-9A1E7A4F7556}") = "Interpolation", "Interpolation\Interpolation.csproj", "{32471347-FA58-4B28-BB38-54854CBCF57F}"
EndProject
Project("{9A19103F-16F7-4668-BE54-9A1E7A4F7556}") = "InverseInterpolation", "InverseInterpolation\InverseInterpolation.csproj", "{6F06623D-6D2E-4E8B-B7DA-9C0C3ABEAF58}"
EndProject
Project("{9A19103F-16F7-4668-BE54-9A1E7A4F7556}") = "Differentiation", "Differentiation\Differentiation.csproj", "{9DB01B10-FAFE-4B2C-8849-B6CA23FD5B5E}"
EndProject
Project("{9A19103F-16F7-4668-BE54-9A1E7A4F7556}") = "Integration", "Integration\Integration.csproj", "{75EA129E-4D07-4A76-8200-FD30DFD5F157}"
EndProject
Project("{9A19103F-16F7-4668-BE54-9A1E7A4F7556}") = "GaussIntegration", "GaussIntegration\GaussIntegration.csproj", "{83866D1D-F578-4190-8211-608625D198E8}"
EndProject
Project("{9A19103F-16F7-4668-BE54-9A1E7A4F7556}") = "CauchyProblem", "CauchyProblem\CauchyProblem.csproj", "{C67DBCD8-2F52-441D-8ECB-4716F9276411}"
EndProject
Global
	GlobalSection(SolutionConfigurationPlatforms) = preSolution
		Debug|Any CPU = Debug|Any CPU
		Release|Any CPU = Release|Any CPU
	EndGlobalSection
	GlobalSection(ProjectConfigurationPlatforms) = postSolution
		{C2DEB693-5F87-4CD1-9C3F-2DBF49456DA5}.Debug|Any CPU.ActiveCfg = Debug|Any CPU
		{C2DEB693-5F87-4CD1-9C3F-2DBF49456DA5}.Debug|Any CPU.Build.0 = Debug|Any CPU
		{C2DEB693-5F87-4CD1-9C3F-2DBF49456DA5}.Release|Any CPU.ActiveCfg = Release|Any CPU
		{C2DEB693-5F87-4CD1-9C3F-2DBF49456DA5}.Release|Any CPU.Build.0 = Release|Any CPU
		{22C61B81-0DFB-4EF0-883A-251DA7213194}.Debug|Any CPU.ActiveCfg = Debug|Any CPU
		{22C61B81-0DFB-4EF0-883A-251DA7213194}.Debug|Any CPU.Build.0 = Debug|Any CPU
		{22C61B81-0DFB-4EF0-883A-251DA7213194}.Release|Any CPU.ActiveCfg = Release|Any CPU
		{22C61B81-0DFB-4EF0-883A-251DA7213194}.Release|Any CPU.Build.0 = Release|Any CPU
		{32471347-FA58-4B28-BB38-54854CBCF57F}.Debug|Any CPU.ActiveCfg = Debug|Any CPU
		{32471347-FA58-4B28-BB38-54854CBCF57F}.Debug|Any CPU.Build.0 = Debug|Any CPU
		{32471347-FA58-4B28-BB38-54854CBCF57F}.Release|Any CPU.ActiveCfg = Release|Any CPU
		{32471347-FA58-4B28-BB38-54854CBCF57F}.Release|Any CPU.Build.0 = Release|Any CPU
		{6F06623D-6D2E-4E8B-B7DA-9C0C3ABEAF58}.Debug|Any CPU.ActiveCfg = Debug|Any CPU
		{6F06623D-6D2E-4E8B-B7DA-9C0C3ABEAF58}.Debug|Any CPU.Build.0 = Debug|Any CPU
		{6F06623D-6D2E-4E8B-B7DA-9C0C3ABEAF58}.Release|Any CPU.ActiveCfg = Release|Any CPU
		{6F06623D-6D2E-4E8B-B7DA-9C0C3ABEAF58}.Release|Any CPU.Build.0 = Release|Any CPU
		{9DB01B10-FAFE-4B2C-8849-B6CA23FD5B5E}.Debug|Any CPU.ActiveCfg = Debug|Any CPU
		{9DB01B10-FAFE-4B2C-8849-B6CA23FD5B5E}.Debug|Any CPU.Build.0 = Debug|Any CPU
		{9DB01B10-FAFE-4B2C-8849-B6CA23FD5B5E}.Release|Any CPU.ActiveCfg = Release|Any CPU
		{9DB01B10-FAFE-4B2C-8849-B6CA23FD5B5E}.Release|Any CPU.Build.0 = Release|Any CPU
		{75EA129E-4D07-4A76-8200-FD30DFD5F157}.Debug|Any CPU.ActiveCfg = Debug|Any CPU
		{75EA129E-4D07-4A76-8200-FD30DFD5F157}.Debug|Any CPU.Build.0 = Debug|Any CPU
		{75EA129E-4D07-4A76-8200-FD30DFD5F157}.Release|Any CPU.ActiveCfg = Release|Any CPU
		{75EA129E-4D07-4A76-8200-FD30DFD5F157}.Release|Any CPU.Build.0 = Release|Any CPU
		{83866D1D-F578-4190-8211-608625D198E8}.Debug|Any CPU.ActiveCfg = Debug|Any CPU
		{83866D1D-F578-4190-8211-608625D198E8}.Debug|Any CPU.Build.0 = Debug|Any CPU
		{83866D1D-F578-4190-8211-608625D198E8}.Release|Any CPU.ActiveCfg = Release|Any CPU
		{83866D1D-F578-4190-8211-608625D198E8}.Release|Any CPU.Build.0 = Release|Any CPU
		{C67DBCD8-2F52-441D-8ECB-4716F9276411}.Debug|Any CPU.ActiveCfg = Debug|Any CPU
		{C67DBCD8-2F52-441D-8ECB-4716F9276411}.Debug|Any CPU.Build.0 = Debug|Any CPU
		{C67DBCD8-2F52-441D-8ECB-4716F9276411}.Release|Any CPU.ActiveCfg = Release|Any CPU
		{C67DBCD8-2F52-441D-8ECB-4716F9276411}.Release|Any CPU.Build.0 = Release|Any CPU
	EndGlobalSection
	GlobalSection(SolutionProperties) = preSolution
		HideSolutionNode = FALSE
	EndGlobalSection
	GlobalSection(ExtensibilityGlobals) = postSolution
		SolutionGuid = {A949C349-BBCE-4E6C-AAD5-CA4E4F5520C7}
	EndGlobalSection
EndGlobal
